{
  "requires": true,
  "lockfileVersion": 1,
  "dependencies": {
    "@nestjs/websockets": {
      "version": "7.5.5",
      "resolved": "https://registry.npmjs.org/@nestjs/websockets/-/websockets-7.5.5.tgz",
      "integrity": "sha512-2l7hw0BhxUVw/VY3MXnLoeWtxjMEywBUc4+LwBnUYQGf0NcjY41pBg771zbp1xRhCQhxoxFE8+JTIQNzhfrmnA==",
      "requires": {
        "iterare": "1.2.1",
        "tslib": "2.0.3"
      }
    },
    "iterare": {
      "version": "1.2.1",
      "resolved": "https://registry.npmjs.org/iterare/-/iterare-1.2.1.tgz",
      "integrity": "sha512-RKYVTCjAnRthyJes037NX/IiqeidgN1xc3j1RjFfECFp28A1GVwK9nA+i0rJPaHqSZwygLzRnFlzUuHFoWWy+Q=="
    },
    "tslib": {
      "version": "2.0.3",
      "resolved": "https://registry.npmjs.org/tslib/-/tslib-2.0.3.tgz",
      "integrity": "sha512-uZtkfKblCEQtZKBF6EBXVZeQNl82yqtDQdv+eck8u7tdPxjLu2/lp5/uPW+um2tpuxINHWy3GhiccY7QgEaVHQ=="
    }
  }
}
